
Microsoft Visual Studio Solution File, Format Version 12.00
# Visual Studio Version 17
VisualStudioVersion = 17.14.36518.9 d17.14
MinimumVisualStudioVersion = 10.0.40219.1
Project("{FAE04EC0-301F-11D3-BF4B-00C04F79EFBC}") = "Locadora.View", "Locadora.View\Locadora.View.csproj", "{0DD6DEA3-A342-489E-A775-1C5A237E39D4}"
EndProject
Project("{FAE04EC0-301F-11D3-BF4B-00C04F79EFBC}") = "Locadora.Models", "Locadora.Models\Locadora.Models.csproj", "{7A6EA2D7-FB4B-45DB-9C84-189E15B23F99}"
EndProject
Project("{FAE04EC0-301F-11D3-BF4B-00C04F79EFBC}") = "Locadora.Controller", "Locadora.Controller\Locadora.Controller.csproj", "{79C69A39-AE24-4682-B5D0-8123DC0CAEB9}"
EndProject
Project("{2150E333-8FDC-42A3-9474-1A3956D46DE8}") = "Solution Items", "Solution Items", "{8EC462FD-D22E-90A8-E5CE-7E832BA40C5D}"
	ProjectSection(SolutionItems) = preProject
		SQL\CREATE_SCHEMA.sql = SQL\CREATE_SCHEMA.sql
	EndProjectSection
EndProject
Project("{FAE04EC0-301F-11D3-BF4B-00C04F79EFBC}") = "Utils", "Utils\Utils.csproj", "{E757064D-16FF-4DF3-87B3-9F626F7B741E}"
EndProject
Global
	GlobalSection(SolutionConfigurationPlatforms) = preSolution
		Debug|Any CPU = Debug|Any CPU
		Release|Any CPU = Release|Any CPU
	EndGlobalSection
	GlobalSection(ProjectConfigurationPlatforms) = postSolution
		{0DD6DEA3-A342-489E-A775-1C5A237E39D4}.Debug|Any CPU.ActiveCfg = Debug|Any CPU
		{0DD6DEA3-A342-489E-A775-1C5A237E39D4}.Debug|Any CPU.Build.0 = Debug|Any CPU
		{0DD6DEA3-A342-489E-A775-1C5A237E39D4}.Release|Any CPU.ActiveCfg = Release|Any CPU
		{0DD6DEA3-A342-489E-A775-1C5A237E39D4}.Release|Any CPU.Build.0 = Release|Any CPU
		{7A6EA2D7-FB4B-45DB-9C84-189E15B23F99}.Debug|Any CPU.ActiveCfg = Debug|Any CPU
		{7A6EA2D7-FB4B-45DB-9C84-189E15B23F99}.Debug|Any CPU.Build.0 = Debug|Any CPU
		{7A6EA2D7-FB4B-45DB-9C84-189E15B23F99}.Release|Any CPU.ActiveCfg = Release|Any CPU
		{7A6EA2D7-FB4B-45DB-9C84-189E15B23F99}.Release|Any CPU.Build.0 = Release|Any CPU
		{79C69A39-AE24-4682-B5D0-8123DC0CAEB9}.Debug|Any CPU.ActiveCfg = Debug|Any CPU
		{79C69A39-AE24-4682-B5D0-8123DC0CAEB9}.Debug|Any CPU.Build.0 = Debug|Any CPU
		{79C69A39-AE24-4682-B5D0-8123DC0CAEB9}.Release|Any CPU.ActiveCfg = Release|Any CPU
		{79C69A39-AE24-4682-B5D0-8123DC0CAEB9}.Release|Any CPU.Build.0 = Release|Any CPU
		{E757064D-16FF-4DF3-87B3-9F626F7B741E}.Debug|Any CPU.ActiveCfg = Debug|Any CPU
		{E757064D-16FF-4DF3-87B3-9F626F7B741E}.Debug|Any CPU.Build.0 = Debug|Any CPU
		{E757064D-16FF-4DF3-87B3-9F626F7B741E}.Release|Any CPU.ActiveCfg = Release|Any CPU
		{E757064D-16FF-4DF3-87B3-9F626F7B741E}.Release|Any CPU.Build.0 = Release|Any CPU
	EndGlobalSection
	GlobalSection(SolutionProperties) = preSolution
		HideSolutionNode = FALSE
	EndGlobalSection
	GlobalSection(ExtensibilityGlobals) = postSolution
		SolutionGuid = {9FD992D0-DFFC-4D2A-A945-5A00F65D0F9E}
	EndGlobalSection
EndGlobal
